{
    "_meta": {
        "hash": {
            "sha256": "38373063af9799d3d7f35165846e93db19bbde00105124a1abff0b1abbf5b65f"
        },
        "pipfile-spec": 6,
        "requires": {
            "python_version": "3.8"
        },
        "sources": [
            {
                "name": "pypi",
                "url": "https://pypi.org/simple",
                "verify_ssl": true
            }
        ]
    },
    "default": {
        "grpcio": {
            "hashes": [
                "sha256:094e64236253590d9d4075665c77b329d707b6fca864dd62b144255e199b4f87",
                "sha256:0dc5354e38e5adf2498312f7241b14c7ce3484eefa0082db4297189dcbe272e6",
                "sha256:0e1a9e1b4a23808f1132aa35f968cd8e659f60af3ffd6fb00bcf9a65e7db279f",
                "sha256:0fb93051331acbb75b49a2a0fd9239c6ba9528f6bdc1dd400ad1cb66cf864292",
                "sha256:16c71740640ba3a882f50b01bf58154681d44b51f09a5728180a8fdc66c67bd5",
                "sha256:172405ca6bdfedd6054c74c62085946e45ad4d9cec9f3c42b4c9a02546c4c7e9",
                "sha256:17ec9b13cec4a286b9e606b48191e560ca2f3bbdf3986f91e480a95d1582e1a7",
                "sha256:22b011674090594f1f3245960ced7386f6af35485a38901f8afee8ad01541dbd",
                "sha256:24ac1154c4b2ab4a0c5326a76161547e70664cd2c39ba75f00fc8a2170964ea2",
                "sha256:257478300735ce3c98d65a930bbda3db172bd4e00968ba743e6a1154ea6edf10",
                "sha256:29cb97d41a4ead83b7bcad23bdb25bdd170b1e2cba16db6d3acbb090bc2de43c",
                "sha256:2b170eaf51518275c9b6b22ccb59450537c5a8555326fd96ff7391b5dd75303c",
                "sha256:31bb6bc7ff145e2771c9baf612f4b9ebbc9605ccdc5f3ff3d5553de7fc0e0d79",
                "sha256:3c2b3842dcf870912da31a503454a33a697392f60c5e2697c91d133130c2c85d",
                "sha256:3f9b0023c2c92bebd1be72cdfca23004ea748be1813a66d684d49d67d836adde",
                "sha256:471d39d3370ca923a316d49c8aac66356cea708a11e647e3bdc3d0b5de4f0a40",
                "sha256:49d680356a975d9c66a678eb2dde192d5dc427a7994fb977363634e781614f7c",
                "sha256:4c4423ea38a7825b8fed8934d6d9aeebdf646c97e3c608c3b0bcf23616f33877",
                "sha256:506b9b7a4cede87d7219bfb31014d7b471cfc77157da9e820a737ec1ea4b0663",
                "sha256:538d981818e49b6ed1e9c8d5e5adf29f71c4e334e7d459bf47e9b7abb3c30e09",
                "sha256:59dffade859f157bcc55243714d57b286da6ae16469bf1ac0614d281b5f49b67",
                "sha256:5a6ebcdef0ef12005d56d38be30f5156d1cb3373b52e96f147f4a24b0ddb3a9d",
                "sha256:5dca372268c6ab6372d37d6b9f9343e7e5b4bc09779f819f9470cd88b2ece3c3",
                "sha256:6df3b63538c362312bc5fa95fb965069c65c3ea91d7ce78ad9c47cab57226f54",
                "sha256:6f0b89967ee11f2b654c23b27086d88ad7bf08c0b3c2a280362f28c3698b2896",
                "sha256:75e29a90dc319f0ad4d87ba6d20083615a00d8276b51512e04ad7452b5c23b04",
                "sha256:7942b32a291421460d6a07883033e392167d30724aa84987e6956cd15f1a21b9",
                "sha256:9235dcd5144a83f9ca6f431bd0eccc46b90e2c22fe27b7f7d77cabb2fb515595",
                "sha256:97d67983189e2e45550eac194d6234fc38b8c3b5396c153821f2d906ed46e0ce",
                "sha256:9ff42c5620b4e4530609e11afefa4a62ca91fa0abb045a8957e509ef84e54d30",
                "sha256:a8a0b77e992c64880e6efbe0086fe54dfc0bbd56f72a92d9e48264dcd2a3db98",
                "sha256:aacb54f7789ede5cbf1d007637f792d3e87f1c9841f57dd51abf89337d1b8472",
                "sha256:bc59f7ba87972ab236f8669d8ca7400f02a0eadf273ca00e02af64d588046f02",
                "sha256:cc2bece1737b44d878cc1510ea04469a8073dbbcdd762175168937ae4742dfb3",
                "sha256:cd3baccea2bc5c38aeb14e5b00167bd4e2373a373a5e4d8d850bd193edad150c",
                "sha256:dad6533411d033b77f5369eafe87af8583178efd4039c41d7515d3336c53b4f1",
                "sha256:e223a9793522680beae44671b9ed8f6d25bbe5ddf8887e66aebad5e0686049ef",
                "sha256:e473525c28251558337b5c1ad3fa969511e42304524a4e404065e165b084c9e4",
                "sha256:e4ef09f8997c4be5f3504cefa6b5c6cc3cf648274ce3cede84d4342a35d76db6",
                "sha256:e6dfc2b6567b1c261739b43d9c59d201c1b89e017afd9e684d85aa7a186c9f7a",
                "sha256:eacad297ea60c72dd280d3353d93fb1dcca952ec11de6bb3c49d12a572ba31dd",
                "sha256:f1158bccbb919da42544a4d3af5d9296a3358539ffa01018307337365a9a0c64",
                "sha256:f1fec3abaf274cdb85bf3878167cfde5ad4a4d97c68421afda95174de85ba813",
                "sha256:f96ace1540223f26fbe7c4ebbf8a98e3929a6aa0290c8033d12526847b291c0f",
                "sha256:fbdbe9a849854fe484c00823f45b7baab159bdd4a46075302281998cb8719df5"
            ],
            "markers": "python_version >= '3.7'",
            "version": "==1.51.1"
        },
        "grpcio-tools": {
            "hashes": [
                "sha256:121c9765cee8636201cf0d4e80bc7b509813194919bccdb66e9671c4ece6dac3",
                "sha256:1972caf8f695b91edc6444134445798692fe71276f0cde7604d55e65179adf93",
                "sha256:1d120082236f8d2877f8a19366476b82c3562423b877b7c471a142432e31c2c4",
                "sha256:1f87fc86d0b4181b6b4da6ec6a29511dca000e6b5694fdd6bbf87d125128bc41",
                "sha256:2b211f12e4cbc0fde8e0f982b0f581cce38874666a02ebfed93c23dcaeb8a4e0",
                "sha256:2c516124356476d9afa126acce10ce568733120afbd9ae17ee01d44b9da20a67",
                "sha256:33d93027840a873c7b59402fe6db8263b88c56e2f84aa0b6281c05cc8bd314a1",
                "sha256:37045ba850d423cdacede77b266b127025818a5a36d80f1fd7a5a1614a6a0de5",
                "sha256:395609c06f69fbc79518b30a01931127088a3f9ef2cc2a35269c5f187eefd38c",
                "sha256:398eda759194d355eb09f7beabae6e4fb45b3877cf7efe505b49095fa4889cef",
                "sha256:3c0be60721ae1ba09c4f29572a145f412e561b9201e19428758893709827f472",
                "sha256:3c9abc4a40c62f46d5e43e49c7afc567dedf12eeef95933ac9ea2986baa2420b",
                "sha256:3d6c8548b199591757dbfe89ed14e23782d6079d6d201c6c314c72f4086883aa",
                "sha256:3e16260dfe6e997330473863e01466b0992369ae2337a0249b390b4651cff424",
                "sha256:3f0e1d1f3f5a6f0c9f8b5441819dbec831ce7e9ffe04768e4b0d965a95fbbe5e",
                "sha256:4eb93619c8cb3773fb899504e3e30a0dc79d3904fd7a84091d15552178e1e920",
                "sha256:5ade6b13dc4e148f400c8f55a6ef0b14216a3371d7a9e559571d5981b6cec36b",
                "sha256:5caef118deb8cdee1978fd3d8e388a9b256cd8d34e4a8895731ac0e86fa5e47c",
                "sha256:608414cc1093e1e9e5980c97a6ee78e51dffff359e7a3f123d1fb9d95b8763a5",
                "sha256:6138d2c7eec7ed57585bc58e2dbcb65635a2d574ac632abd29949d3e68936bab",
                "sha256:614c427ff235d92f103e9189f0230197c8f2f817d0dd9fd078f5d2ea4d920d02",
                "sha256:65c2fe3cdc5425180f01dd303e28d4f363d38f4c2e3a7e1a87caedd5417e23bb",
                "sha256:674fb8d9c0e2d75166c4385753962485b757897223fc92a19c9e513ab80b96f7",
                "sha256:69bfa6fc1515c202fe428ba9f99e2b2f947b01bafc15d868798235b2e2d36baa",
                "sha256:6cdf72947c6b0b03aa6dac06117a095947d02d43a5c6343051f4ce161fd0abcb",
                "sha256:71fb6e7e66b918803b1bebd0231560981ab86c2546a3318a45822ce94de5e83d",
                "sha256:7c04ec47905c4f6d6dad34d29f6ace652cc1ddc986f55aaa5559b72104c3f5cf",
                "sha256:90d1fac188bac838c4169eb3b67197887fa0572ea8a90519a20cddb080800549",
                "sha256:9b421dc9b27bcaff4c73644cd3801e4893b11ba3eb39729246fd3de98d9f685b",
                "sha256:9f58529e24f613019a85c258a274d441d89e0cad8cf7fca21ef3807ba5840c5d",
                "sha256:a169bfd7a1fe8cc11472eeeeab3088b3c5d56caac12b2192a920b73adcbc974c",
                "sha256:a58aaaec0d846d142edd8e794ebb80aa429abfd581f4493a60a603aac0c50ac8",
                "sha256:b41c419829f01734d65958ba9b01b759061d8f7e0698f9612ba6b8837269f7a9",
                "sha256:b73fd87a44ba1b91866b0254193c37cdb001737759b77b637cebe0c816d38342",
                "sha256:be37f458ea510c9a8f1caabbc2b258d12e55d189a567f5edcace90f27dc0efbf",
                "sha256:c13e0cb486cfa15320ddcd70452a4d736e6ce319c03d6b3c0c2513ec8d2748fb",
                "sha256:c3253bee8b68fe422754faf0f286aa068861c926a7b11e4daeb44b9af767c7f1",
                "sha256:cb8baa1d4cea35ca662c24098377bdd9514c56f227da0e38b43cd9b8223bfcc6",
                "sha256:ceb6441c24176705c5ab056e65a8b330e107107c5a492ba094d1b862a136d15d",
                "sha256:e44b9572c2226b85976e0d6054e22d7c59ebd6c9425ee71e5bc8910434aee3e1",
                "sha256:ea36a294f7c70fd2f2bfb5dcf08602006304aa65b055ebd4f7c709e2a89deba7",
                "sha256:f7ce16766b24b88ec0e4355f5dd66c2eee6af210e889fcb7961c9c4634c687de",
                "sha256:f9f0c5b4567631fec993826e694e83d86a972b3e2e9b05cb0c56839b0316d26c",
                "sha256:fb8c7b9d24e2c4dc77e7800e83b68081729ac6094b781b2afdabf08af18c3b28"
            ],
            "index": "pypi",
            "version": "==1.44.0"
        },
        "protobuf": {
            "hashes": [
                "sha256:03038ac1cfbc41aa21f6afcbcd357281d7521b4157926f30ebecc8d4ea59dcb7",
                "sha256:28545383d61f55b57cf4df63eebd9827754fd2dc25f80c5253f9184235db242c",
                "sha256:2e3427429c9cffebf259491be0af70189607f365c2f41c7c3764af6f337105f2",
                "sha256:398a9e0c3eaceb34ec1aee71894ca3299605fa8e761544934378bbc6c97de23b",
                "sha256:44246bab5dd4b7fbd3c0c80b6f16686808fab0e4aca819ade6e8d294a29c7050",
                "sha256:447d43819997825d4e71bf5769d869b968ce96848b6479397e29fc24c4a5dfe9",
                "sha256:67a3598f0a2dcbc58d02dd1928544e7d88f764b47d4a286202913f0b2801c2e7",
                "sha256:74480f79a023f90dc6e18febbf7b8bac7508420f2006fabd512013c0c238f454",
                "sha256:819559cafa1a373b7096a482b504ae8a857c89593cf3a25af743ac9ecbd23480",
                "sha256:899dc660cd599d7352d6f10d83c95df430a38b410c1b66b407a6b29265d66469",
                "sha256:8c0c984a1b8fef4086329ff8dd19ac77576b384079247c770f29cc8ce3afa06c",
                "sha256:9aae4406ea63d825636cc11ffb34ad3379335803216ee3a856787bcf5ccc751e",
                "sha256:a7ca6d488aa8ff7f329d4c545b2dbad8ac31464f1d8b1c87ad1346717731e4db",
                "sha256:b6cc7ba72a8850621bfec987cb72623e703b7fe2b9127a161ce61e61558ad905",
                "sha256:bf01b5720be110540be4286e791db73f84a2b721072a3711efff6c324cdf074b",
                "sha256:c02ce36ec760252242a33967d51c289fd0e1c0e6e5cc9397e2279177716add86",
                "sha256:d9e4432ff660d67d775c66ac42a67cf2453c27cb4d738fc22cb53b5d84c135d4",
                "sha256:daa564862dd0d39c00f8086f88700fdbe8bc717e993a21e90711acfed02f2402",
                "sha256:de78575669dddf6099a8a0f46a27e82a1783c557ccc38ee620ed8cc96d3be7d7",
                "sha256:e64857f395505ebf3d2569935506ae0dfc4a15cb80dc25261176c784662cdcc4",
                "sha256:f4bd856d702e5b0d96a00ec6b307b0f51c1982c2bf9c0052cf9019e9a544ba99",
                "sha256:f4c42102bc82a51108e449cbb32b19b180022941c727bac0cfd50170341f16ee"
            ],
            "markers": "python_version >= '3.7'",
            "version": "==3.20.3"
        },
        "setuptools": {
            "hashes": [
                "sha256:d0b9a8433464d5800cbe05094acf5c6d52a91bfac9b52bcfc4d41382be5d5d31",
                "sha256:e197a19aa8ec9722928f2206f8de752def0e4c9fc6953527360d1c36d94ddb2f"
            ],
            "index": "pypi",
            "version": "==65.5.1"
        }
    },
    "develop": {}
}
