{
    "_meta": {
        "hash": {
            "sha256": "38373063af9799d3d7f35165846e93db19bbde00105124a1abff0b1abbf5b65f"
        },
        "pipfile-spec": 6,
        "requires": {
            "python_version": "3.8"
        },
        "sources": [
            {
                "name": "pypi",
                "url": "https://pypi.org/simple",
                "verify_ssl": true
            }
        ]
    },
    "default": {
        "grpcio": {
            "hashes": [
                "sha256:075f2d06e3db6b48a2157a1bcd52d6cbdca980dd18988fe6afdb41795d51625f",
                "sha256:08ff74aec8ff457a89b97152d36cb811dcc1d17cd5a92a65933524e363327394",
                "sha256:0b24a74651438d45619ac67004638856f76cc13d78b7478f2457754cbcb1c8ad",
                "sha256:0e20d59aafc086b1cc68400463bddda6e41d3e5ed30851d1e2e0f6a2e7e342d3",
                "sha256:120fecba2ec5d14b5a15d11063b39783fda8dc8d24addd83196acb6582cabd9b",
                "sha256:17bb6fe72784b630728c6cff9c9d10ccc3b6d04e85da6e0a7b27fb1d135fac62",
                "sha256:18305d5a082d1593b005a895c10041f833b16788e88b02bb81061f5ebcc465df",
                "sha256:196082b9c89ebf0961dcd77cb114bed8171964c8e3063b9da2fb33536a6938ed",
                "sha256:1c66a25afc6c71d357867b341da594a5587db5849b48f4b7d5908d236bb62ede",
                "sha256:1cc400c8a2173d1c042997d98a9563e12d9bb3fb6ad36b7f355bc77c7663b8af",
                "sha256:2070e87d95991473244c72d96d13596c751cb35558e11f5df5414981e7ed2492",
                "sha256:2106d9c16527f0a85e2eea6e6b91a74fc99579c60dd810d8690843ea02bc0f5f",
                "sha256:221d42c654d2a41fa31323216279c73ed17d92f533bc140a3390cc1bd78bf63c",
                "sha256:274ffbb39717918c514b35176510ae9be06e1d93121e84d50b350861dcb9a705",
                "sha256:2f2ff7ba0f8f431f32d4b4bc3a3713426949d3533b08466c4ff1b2b475932ca8",
                "sha256:34f736bd4d0deae90015c0e383885b431444fe6b6c591dea288173df20603146",
                "sha256:46d93a1b4572b461a227f1db6b8d35a88952db1c47e5fadcf8b8a2f0e1dd9201",
                "sha256:49b301740cf5bc8fed4fee4c877570189ae3951432d79fa8e524b09353659811",
                "sha256:4fcedcab49baaa9db4a2d240ac81f2d57eb0052b1c6a9501b46b8ae912720fbf",
                "sha256:5207f4eed1b775d264fcfe379d8541e1c43b878f2b63c0698f8f5c56c40f3d68",
                "sha256:52dd02b7e7868233c571b49bc38ebd347c3bb1ff8907bb0cb74cb5f00c790afc",
                "sha256:5f8b3a971c7820ea9878f3fd70086240a36aeee15d1b7e9ecbc2743b0e785568",
                "sha256:64419cb8a5b612cdb1550c2fd4acbb7d4fb263556cf4625f25522337e461509e",
                "sha256:6b6c3a95d27846f4145d6967899b3ab25fffc6ae99544415e1adcacef84842d2",
                "sha256:6fd0c9cede9552bf00f8c5791d257d5bf3790d7057b26c59df08be5e7a1e021d",
                "sha256:822ceec743d42a627e64ea266059a62d214c5a3cdfcd0d7fe2b7a8e4e82527c7",
                "sha256:8a5272061826e6164f96e3255405ef6f73b88fd3e8bef464c7d061af8585ac62",
                "sha256:8c9f89c42749890618cd3c2464e1fbf88446e3d2f67f1e334c8e5db2f3272bbd",
                "sha256:9b449e966ef518ce9c860d21f8afe0b0f055220d95bc710301752ac1db96dd6a",
                "sha256:9fb17ff8c0d56099ac6ebfa84f670c5a62228d6b5c695cf21c02160c2ac1446b",
                "sha256:a4f9ba141380abde6c3adc1727f21529137a2552002243fa87c41a07e528245c",
                "sha256:a7d0017b92d3850abea87c1bdec6ea41104e71c77bca44c3e17f175c6700af62",
                "sha256:aa34d2ad9f24e47fa9a3172801c676e4037d862247e39030165fe83821a7aafd",
                "sha256:afbb3475cf7f4f7d380c2ca37ee826e51974f3e2665613996a91d6a58583a534",
                "sha256:b6a1b39e59ac5a3067794a0e498911cf2e37e4b19ee9e9977dc5e7051714f13f",
                "sha256:cf0a1fb18a7204b9c44623dfbd1465b363236ce70c7a4ed30402f9f60d8b743b",
                "sha256:d0d402e158d4e84e49c158cb5204119d55e1baf363ee98d6cb5dce321c3a065d",
                "sha256:d4725fc9ec8e8822906ae26bb26f5546891aa7fbc3443de970cc556d43a5c99f",
                "sha256:dc79b2b37d779ac42341ddef40ad5bf0966a64af412c89fc2b062e3ddabb093f",
                "sha256:e1e83233d4680863a421f3ee4a7a9b80d33cd27ee9ed7593bc93f6128302d3f2",
                "sha256:ea9d0172445241ad7cb49577314e39d0af2c5267395b3561d7ced5d70458a9f3",
                "sha256:f1a3b88e3c53c1a6e6bed635ec1bbb92201bb6a1f2db186179f7f3f244829788",
                "sha256:fa9e6e61391e99708ac87fc3436f6b7b9c6b845dc4639b406e5e61901e1aacde",
                "sha256:fd86040232e805b8e6378b2348c928490ee595b058ce9aaa27ed8e4b0f172b20",
                "sha256:fe763781669790dc8b9618e7e677c839c87eae6cf28b655ee1fa69ae04eea03f"
            ],
            "markers": "python_version >= '3.7'",
            "version": "==1.49.1"
        },
        "grpcio-tools": {
            "hashes": [
                "sha256:121c9765cee8636201cf0d4e80bc7b509813194919bccdb66e9671c4ece6dac3",
                "sha256:1972caf8f695b91edc6444134445798692fe71276f0cde7604d55e65179adf93",
                "sha256:1d120082236f8d2877f8a19366476b82c3562423b877b7c471a142432e31c2c4",
                "sha256:1f87fc86d0b4181b6b4da6ec6a29511dca000e6b5694fdd6bbf87d125128bc41",
                "sha256:2b211f12e4cbc0fde8e0f982b0f581cce38874666a02ebfed93c23dcaeb8a4e0",
                "sha256:2c516124356476d9afa126acce10ce568733120afbd9ae17ee01d44b9da20a67",
                "sha256:33d93027840a873c7b59402fe6db8263b88c56e2f84aa0b6281c05cc8bd314a1",
                "sha256:37045ba850d423cdacede77b266b127025818a5a36d80f1fd7a5a1614a6a0de5",
                "sha256:395609c06f69fbc79518b30a01931127088a3f9ef2cc2a35269c5f187eefd38c",
                "sha256:398eda759194d355eb09f7beabae6e4fb45b3877cf7efe505b49095fa4889cef",
                "sha256:3c0be60721ae1ba09c4f29572a145f412e561b9201e19428758893709827f472",
                "sha256:3c9abc4a40c62f46d5e43e49c7afc567dedf12eeef95933ac9ea2986baa2420b",
                "sha256:3d6c8548b199591757dbfe89ed14e23782d6079d6d201c6c314c72f4086883aa",
                "sha256:3e16260dfe6e997330473863e01466b0992369ae2337a0249b390b4651cff424",
                "sha256:3f0e1d1f3f5a6f0c9f8b5441819dbec831ce7e9ffe04768e4b0d965a95fbbe5e",
                "sha256:4eb93619c8cb3773fb899504e3e30a0dc79d3904fd7a84091d15552178e1e920",
                "sha256:5ade6b13dc4e148f400c8f55a6ef0b14216a3371d7a9e559571d5981b6cec36b",
                "sha256:5caef118deb8cdee1978fd3d8e388a9b256cd8d34e4a8895731ac0e86fa5e47c",
                "sha256:608414cc1093e1e9e5980c97a6ee78e51dffff359e7a3f123d1fb9d95b8763a5",
                "sha256:6138d2c7eec7ed57585bc58e2dbcb65635a2d574ac632abd29949d3e68936bab",
                "sha256:614c427ff235d92f103e9189f0230197c8f2f817d0dd9fd078f5d2ea4d920d02",
                "sha256:65c2fe3cdc5425180f01dd303e28d4f363d38f4c2e3a7e1a87caedd5417e23bb",
                "sha256:674fb8d9c0e2d75166c4385753962485b757897223fc92a19c9e513ab80b96f7",
                "sha256:69bfa6fc1515c202fe428ba9f99e2b2f947b01bafc15d868798235b2e2d36baa",
                "sha256:6cdf72947c6b0b03aa6dac06117a095947d02d43a5c6343051f4ce161fd0abcb",
                "sha256:71fb6e7e66b918803b1bebd0231560981ab86c2546a3318a45822ce94de5e83d",
                "sha256:7c04ec47905c4f6d6dad34d29f6ace652cc1ddc986f55aaa5559b72104c3f5cf",
                "sha256:90d1fac188bac838c4169eb3b67197887fa0572ea8a90519a20cddb080800549",
                "sha256:9b421dc9b27bcaff4c73644cd3801e4893b11ba3eb39729246fd3de98d9f685b",
                "sha256:9f58529e24f613019a85c258a274d441d89e0cad8cf7fca21ef3807ba5840c5d",
                "sha256:a169bfd7a1fe8cc11472eeeeab3088b3c5d56caac12b2192a920b73adcbc974c",
                "sha256:a58aaaec0d846d142edd8e794ebb80aa429abfd581f4493a60a603aac0c50ac8",
                "sha256:b41c419829f01734d65958ba9b01b759061d8f7e0698f9612ba6b8837269f7a9",
                "sha256:b73fd87a44ba1b91866b0254193c37cdb001737759b77b637cebe0c816d38342",
                "sha256:be37f458ea510c9a8f1caabbc2b258d12e55d189a567f5edcace90f27dc0efbf",
                "sha256:c13e0cb486cfa15320ddcd70452a4d736e6ce319c03d6b3c0c2513ec8d2748fb",
                "sha256:c3253bee8b68fe422754faf0f286aa068861c926a7b11e4daeb44b9af767c7f1",
                "sha256:cb8baa1d4cea35ca662c24098377bdd9514c56f227da0e38b43cd9b8223bfcc6",
                "sha256:ceb6441c24176705c5ab056e65a8b330e107107c5a492ba094d1b862a136d15d",
                "sha256:e44b9572c2226b85976e0d6054e22d7c59ebd6c9425ee71e5bc8910434aee3e1",
                "sha256:ea36a294f7c70fd2f2bfb5dcf08602006304aa65b055ebd4f7c709e2a89deba7",
                "sha256:f7ce16766b24b88ec0e4355f5dd66c2eee6af210e889fcb7961c9c4634c687de",
                "sha256:f9f0c5b4567631fec993826e694e83d86a972b3e2e9b05cb0c56839b0316d26c",
                "sha256:fb8c7b9d24e2c4dc77e7800e83b68081729ac6094b781b2afdabf08af18c3b28"
            ],
            "index": "pypi",
            "version": "==1.44.0"
        },
        "protobuf": {
            "hashes": [
                "sha256:03d76b7bd42ac4a6e109742a4edf81ffe26ffd87c5993126d894fe48a120396a",
                "sha256:09e25909c4297d71d97612f04f41cea8fa8510096864f2835ad2f3b3df5a5559",
                "sha256:18e34a10ae10d458b027d7638a599c964b030c1739ebd035a1dfc0e22baa3bfe",
                "sha256:291fb4307094bf5ccc29f424b42268640e00d5240bf0d9b86bf3079f7576474d",
                "sha256:2c0b040d0b5d5d207936ca2d02f00f765906622c07d3fa19c23a16a8ca71873f",
                "sha256:384164994727f274cc34b8abd41a9e7e0562801361ee77437099ff6dfedd024b",
                "sha256:3cb608e5a0eb61b8e00fe641d9f0282cd0eedb603be372f91f163cbfbca0ded0",
                "sha256:5d9402bf27d11e37801d1743eada54372f986a372ec9679673bfcc5c60441151",
                "sha256:712dca319eee507a1e7df3591e639a2b112a2f4a62d40fe7832a16fd19151750",
                "sha256:7a5037af4e76c975b88c3becdf53922b5ffa3f2cddf657574a4920a3b33b80f3",
                "sha256:8228e56a865c27163d5d1d1771d94b98194aa6917bcfb6ce139cbfa8e3c27334",
                "sha256:84a1544252a933ef07bb0b5ef13afe7c36232a774affa673fc3636f7cee1db6c",
                "sha256:84fe5953b18a383fd4495d375fe16e1e55e0a3afe7b4f7b4d01a3a0649fcda9d",
                "sha256:9c673c8bfdf52f903081816b9e0e612186684f4eb4c17eeb729133022d6032e3",
                "sha256:9f876a69ca55aed879b43c295a328970306e8e80a263ec91cf6e9189243c613b",
                "sha256:a9e5ae5a8e8985c67e8944c23035a0dff2c26b0f5070b2f55b217a1c33bbe8b1",
                "sha256:b4fdb29c5a7406e3f7ef176b2a7079baa68b5b854f364c21abe327bbeec01cdb",
                "sha256:c184485e0dfba4dfd451c3bd348c2e685d6523543a0f91b9fd4ae90eb09e8422",
                "sha256:c9cdf251c582c16fd6a9f5e95836c90828d51b0069ad22f463761d27c6c19019",
                "sha256:e39cf61bb8582bda88cdfebc0db163b774e7e03364bbf9ce1ead13863e81e359",
                "sha256:e8fbc522303e09036c752a0afcc5c0603e917222d8bedc02813fd73b4b4ed804",
                "sha256:f34464ab1207114e73bba0794d1257c150a2b89b7a9faf504e00af7c9fd58978",
                "sha256:f52dabc96ca99ebd2169dadbe018824ebda08a795c7684a0b7d203a290f3adb0"
            ],
            "index": "pypi",
            "version": "==3.20.2"
        },
        "setuptools": {
            "hashes": [
                "sha256:2e24e0bec025f035a2e72cdd1961119f557d78ad331bb00ff82efb2ab8da8e82",
                "sha256:7732871f4f7fa58fb6bdcaeadb0161b2bd046c85905dbaa066bdcbcc81953b57"
            ],
            "markers": "python_version >= '3.7'",
            "version": "==65.3.0"
        },
        "six": {
            "hashes": [
                "sha256:1e61c37477a1626458e36f7b1d82aa5c9b094fa4802892072e49de9c60c4c926",
                "sha256:8abb2f1d86890a2dfb989f9a77cfcfd3e47c2a354b01111771326f8aa26e0254"
            ],
            "markers": "python_version >= '2.7' and python_version not in '3.0, 3.1, 3.2, 3.3'",
            "version": "==1.16.0"
        }
    },
    "develop": {}
}
